
Microsoft Visual Studio Solution File, Format Version 12.00
# Visual Studio 15
VisualStudioVersion = 15.0.28307.489
MinimumVisualStudioVersion = 10.0.40219.1
Project("{FAE04EC0-301F-11D3-BF4B-00C04F79EFBC}") = "HammingCode", "HammingCode\HammingCode.csproj", "{20BC725E-5D53-46C2-BC68-0E9E3C398B59}"
EndProject
Global
	GlobalSection(SolutionConfigurationPlatforms) = preSolution
		Debug|Any CPU = Debug|Any CPU
		Release|Any CPU = Release|Any CPU
	EndGlobalSection
	GlobalSection(ProjectConfigurationPlatforms) = postSolution
		{20BC725E-5D53-46C2-BC68-0E9E3C398B59}.Debug|Any CPU.ActiveCfg = Debug|Any CPU
		{20BC725E-5D53-46C2-BC68-0E9E3C398B59}.Debug|Any CPU.Build.0 = Debug|Any CPU
		{20BC725E-5D53-46C2-BC68-0E9E3C398B59}.Release|Any CPU.ActiveCfg = Release|Any CPU
		{20BC725E-5D53-46C2-BC68-0E9E3C398B59}.Release|Any CPU.Build.0 = Release|Any CPU
	EndGlobalSection
	GlobalSection(SolutionProperties) = preSolution
		HideSolutionNode = FALSE
	EndGlobalSection
	GlobalSection(ExtensibilityGlobals) = postSolution
		SolutionGuid = {96239D02-2E1B-4896-BE44-F018C04D6BEA}
	EndGlobalSection
EndGlobal
